// !$*UTF8*$!
{
	archiveVersion = 1;
	classes = {
	};
	objectVersion = 56;
	objects = {

/* Begin PBXBuildFile section */
		E510D9F76AC2D63296A01549 /* Pods_GitHubProfile.framework in Frameworks */ = {isa = PBXBuildFile; fileRef = 8D984DBAB057A7467FF89643 /* Pods_GitHubProfile.framework */; };
		F328770E2BC7C624006EF703 /* UserProfile.swift in Sources */ = {isa = PBXBuildFile; fileRef = F328770D2BC7C624006EF703 /* UserProfile.swift */; };
		F32877122BC7C7AE006EF703 /* ProfileAPIManager.swift in Sources */ = {isa = PBXBuildFile; fileRef = F32877112BC7C7AE006EF703 /* ProfileAPIManager.swift */; };
		F32877142BC7D5B3006EF703 /* RepositoryAPIManager.swift in Sources */ = {isa = PBXBuildFile; fileRef = F32877132BC7D5B3006EF703 /* RepositoryAPIManager.swift */; };
		F3742B982BC7941E00539C8C /* AppDelegate.swift in Sources */ = {isa = PBXBuildFile; fileRef = F3742B972BC7941E00539C8C /* AppDelegate.swift */; };
		F3742B9A2BC7941E00539C8C /* SceneDelegate.swift in Sources */ = {isa = PBXBuildFile; fileRef = F3742B992BC7941E00539C8C /* SceneDelegate.swift */; };
		F3742B9C2BC7941E00539C8C /* ViewController.swift in Sources */ = {isa = PBXBuildFile; fileRef = F3742B9B2BC7941E00539C8C /* ViewController.swift */; };
		F3742B9F2BC7941E00539C8C /* Main.storyboard in Resources */ = {isa = PBXBuildFile; fileRef = F3742B9D2BC7941E00539C8C /* Main.storyboard */; };
		F3742BA12BC7941F00539C8C /* Assets.xcassets in Resources */ = {isa = PBXBuildFile; fileRef = F3742BA02BC7941F00539C8C /* Assets.xcassets */; };
		F3742BA42BC7941F00539C8C /* LaunchScreen.storyboard in Resources */ = {isa = PBXBuildFile; fileRef = F3742BA22BC7941F00539C8C /* LaunchScreen.storyboard */; };
		F3742BAD2BC7976700539C8C /* RepositoryTableViewCell.swift in Sources */ = {isa = PBXBuildFile; fileRef = F3742BAB2BC7976700539C8C /* RepositoryTableViewCell.swift */; };
		F3742BAE2BC7976700539C8C /* RepositoryTableViewCell.xib in Resources */ = {isa = PBXBuildFile; fileRef = F3742BAC2BC7976700539C8C /* RepositoryTableViewCell.xib */; };
		F3742BB12BC7B62F00539C8C /* Repository.swift in Sources */ = {isa = PBXBuildFile; fileRef = F3742BB02BC7B62F00539C8C /* Repository.swift */; };
		F3AB4ECB2BE3458F00241516 /* SnapKit in Frameworks */ = {isa = PBXBuildFile; productRef = F3AB4ECA2BE3458F00241516 /* SnapKit */; };
		F3AB4ECD2BE3458F00241516 /* SnapKit-Dynamic in Frameworks */ = {isa = PBXBuildFile; productRef = F3AB4ECC2BE3458F00241516 /* SnapKit-Dynamic */; };
		F3AB4ECF2BE3460C00241516 /* ProfileTableViewCell.swift in Sources */ = {isa = PBXBuildFile; fileRef = F3AB4ECE2BE3460C00241516 /* ProfileTableViewCell.swift */; };
/* End PBXBuildFile section */

/* Begin PBXFileReference section */
		8D984DBAB057A7467FF89643 /* Pods_GitHubProfile.framework */ = {isa = PBXFileReference; explicitFileType = wrapper.framework; includeInIndex = 0; path = Pods_GitHubProfile.framework; sourceTree = BUILT_PRODUCTS_DIR; };
		C58CC2B056E283173CFC0782 /* Pods-GitHubProfile.debug.xcconfig */ = {isa = PBXFileReference; includeInIndex = 1; lastKnownFileType = text.xcconfig; name = "Pods-GitHubProfile.debug.xcconfig"; path = "Target Support Files/Pods-GitHubProfile/Pods-GitHubProfile.debug.xcconfig"; sourceTree = "<group>"; };
		EBD80ACCD95D2B0EF2A26342 /* Pods-GitHubProfile.release.xcconfig */ = {isa = PBXFileReference; includeInIndex = 1; lastKnownFileType = text.xcconfig; name = "Pods-GitHubProfile.release.xcconfig"; path = "Target Support Files/Pods-GitHubProfile/Pods-GitHubProfile.release.xcconfig"; sourceTree = "<group>"; };
		F328770D2BC7C624006EF703 /* UserProfile.swift */ = {isa = PBXFileReference; fileEncoding = 4; lastKnownFileType = sourcecode.swift; path = UserProfile.swift; sourceTree = "<group>"; };
		F32877112BC7C7AE006EF703 /* ProfileAPIManager.swift */ = {isa = PBXFileReference; lastKnownFileType = sourcecode.swift; path = ProfileAPIManager.swift; sourceTree = "<group>"; };
		F32877132BC7D5B3006EF703 /* RepositoryAPIManager.swift */ = {isa = PBXFileReference; lastKnownFileType = sourcecode.swift; path = RepositoryAPIManager.swift; sourceTree = "<group>"; };
		F3742B942BC7941E00539C8C /* GitHubProfile.app */ = {isa = PBXFileReference; explicitFileType = wrapper.application; includeInIndex = 0; path = GitHubProfile.app; sourceTree = BUILT_PRODUCTS_DIR; };
		F3742B972BC7941E00539C8C /* AppDelegate.swift */ = {isa = PBXFileReference; lastKnownFileType = sourcecode.swift; path = AppDelegate.swift; sourceTree = "<group>"; };
		F3742B992BC7941E00539C8C /* SceneDelegate.swift */ = {isa = PBXFileReference; lastKnownFileType = sourcecode.swift; path = SceneDelegate.swift; sourceTree = "<group>"; };
		F3742B9B2BC7941E00539C8C /* ViewController.swift */ = {isa = PBXFileReference; lastKnownFileType = sourcecode.swift; path = ViewController.swift; sourceTree = "<group>"; };
		F3742B9E2BC7941E00539C8C /* Base */ = {isa = PBXFileReference; lastKnownFileType = file.storyboard; name = Base; path = Base.lproj/Main.storyboard; sourceTree = "<group>"; };
		F3742BA02BC7941F00539C8C /* Assets.xcassets */ = {isa = PBXFileReference; lastKnownFileType = folder.assetcatalog; path = Assets.xcassets; sourceTree = "<group>"; };
		F3742BA32BC7941F00539C8C /* Base */ = {isa = PBXFileReference; lastKnownFileType = file.storyboard; name = Base; path = Base.lproj/LaunchScreen.storyboard; sourceTree = "<group>"; };
		F3742BA52BC7941F00539C8C /* Info.plist */ = {isa = PBXFileReference; lastKnownFileType = text.plist.xml; path = Info.plist; sourceTree = "<group>"; };
		F3742BAB2BC7976700539C8C /* RepositoryTableViewCell.swift */ = {isa = PBXFileReference; lastKnownFileType = sourcecode.swift; path = RepositoryTableViewCell.swift; sourceTree = "<group>"; };
		F3742BAC2BC7976700539C8C /* RepositoryTableViewCell.xib */ = {isa = PBXFileReference; lastKnownFileType = file.xib; path = RepositoryTableViewCell.xib; sourceTree = "<group>"; };
		F3742BB02BC7B62F00539C8C /* Repository.swift */ = {isa = PBXFileReference; lastKnownFileType = sourcecode.swift; path = Repository.swift; sourceTree = "<group>"; };
		F3AB4ECE2BE3460C00241516 /* ProfileTableViewCell.swift */ = {isa = PBXFileReference; lastKnownFileType = sourcecode.swift; path = ProfileTableViewCell.swift; sourceTree = "<group>"; };
/* End PBXFileReference section */

/* Begin PBXFrameworksBuildPhase section */
		F3742B912BC7941E00539C8C /* Frameworks */ = {
			isa = PBXFrameworksBuildPhase;
			buildActionMask = 2147483647;
			files = (
				E510D9F76AC2D63296A01549 /* Pods_GitHubProfile.framework in Frameworks */,
				F3AB4ECB2BE3458F00241516 /* SnapKit in Frameworks */,
				F3AB4ECD2BE3458F00241516 /* SnapKit-Dynamic in Frameworks */,
			);
			runOnlyForDeploymentPostprocessing = 0;
		};
/* End PBXFrameworksBuildPhase section */

/* Begin PBXGroup section */
		4F016E48264AA0DE004F87C3 /* Pods */ = {
			isa = PBXGroup;
			children = (
				C58CC2B056E283173CFC0782 /* Pods-GitHubProfile.debug.xcconfig */,
				EBD80ACCD95D2B0EF2A26342 /* Pods-GitHubProfile.release.xcconfig */,
			);
			path = Pods;
			sourceTree = "<group>";
		};
		E39CA31B344CC62C8DF4D8E0 /* Frameworks */ = {
			isa = PBXGroup;
			children = (
				8D984DBAB057A7467FF89643 /* Pods_GitHubProfile.framework */,
			);
			name = Frameworks;
			sourceTree = "<group>";
		};
		F3742B8B2BC7941E00539C8C = {
			isa = PBXGroup;
			children = (
				F3742B962BC7941E00539C8C /* GitHubProfile */,
				F3742B952BC7941E00539C8C /* Products */,
				4F016E48264AA0DE004F87C3 /* Pods */,
				E39CA31B344CC62C8DF4D8E0 /* Frameworks */,
			);
			sourceTree = "<group>";
		};
		F3742B952BC7941E00539C8C /* Products */ = {
			isa = PBXGroup;
			children = (
				F3742B942BC7941E00539C8C /* GitHubProfile.app */,
			);
			name = Products;
			sourceTree = "<group>";
		};
		F3742B962BC7941E00539C8C /* GitHubProfile */ = {
			isa = PBXGroup;
			children = (
				F3742B972BC7941E00539C8C /* AppDelegate.swift */,
				F3742B992BC7941E00539C8C /* SceneDelegate.swift */,
				F3F011552BCFC08000578A9B /* Model */,
				F3F011562BCFD5E200578A9B /* ViewController */,
				F3742BA02BC7941F00539C8C /* Assets.xcassets */,
				F3742BA22BC7941F00539C8C /* LaunchScreen.storyboard */,
				F3742BA52BC7941F00539C8C /* Info.plist */,
			);
			path = GitHubProfile;
			sourceTree = "<group>";
		};
		F3742BAF2BC7976C00539C8C /* Cells */ = {
			isa = PBXGroup;
			children = (
				F3742BAB2BC7976700539C8C /* RepositoryTableViewCell.swift */,
				F3742BAC2BC7976700539C8C /* RepositoryTableViewCell.xib */,
				F3AB4ECE2BE3460C00241516 /* ProfileTableViewCell.swift */,
			);
			path = Cells;
			sourceTree = "<group>";
		};
		F3F011552BCFC08000578A9B /* Model */ = {
			isa = PBXGroup;
			children = (
				F328770D2BC7C624006EF703 /* UserProfile.swift */,
				F3742BB02BC7B62F00539C8C /* Repository.swift */,
				F32877112BC7C7AE006EF703 /* ProfileAPIManager.swift */,
				F32877132BC7D5B3006EF703 /* RepositoryAPIManager.swift */,
			);
			path = Model;
			sourceTree = "<group>";
		};
		F3F011562BCFD5E200578A9B /* ViewController */ = {
			isa = PBXGroup;
			children = (
				F3742B9B2BC7941E00539C8C /* ViewController.swift */,
				F3742B9D2BC7941E00539C8C /* Main.storyboard */,
				F3742BAF2BC7976C00539C8C /* Cells */,
			);
			path = ViewController;
			sourceTree = "<group>";
		};
/* End PBXGroup section */

/* Begin PBXNativeTarget section */
		F3742B932BC7941E00539C8C /* GitHubProfile */ = {
			isa = PBXNativeTarget;
			buildConfigurationList = F3742BA82BC7941F00539C8C /* Build configuration list for PBXNativeTarget "GitHubProfile" */;
			buildPhases = (
				78737A2F1BCE49F38831EAD6 /* [CP] Check Pods Manifest.lock */,
				F3742B902BC7941E00539C8C /* Sources */,
				F3742B912BC7941E00539C8C /* Frameworks */,
				F3742B922BC7941E00539C8C /* Resources */,
				B64BD4D8E430B58D3B4B342A /* [CP] Embed Pods Frameworks */,
			);
			buildRules = (
			);
			dependencies = (
			);
			name = GitHubProfile;
			packageProductDependencies = (
				F3AB4ECA2BE3458F00241516 /* SnapKit */,
				F3AB4ECC2BE3458F00241516 /* SnapKit-Dynamic */,
			);
			productName = GitHubProfile;
			productReference = F3742B942BC7941E00539C8C /* GitHubProfile.app */;
			productType = "com.apple.product-type.application";
		};
/* End PBXNativeTarget section */

/* Begin PBXProject section */
		F3742B8C2BC7941E00539C8C /* Project object */ = {
			isa = PBXProject;
			attributes = {
				BuildIndependentTargetsInParallel = 1;
				LastSwiftUpdateCheck = 1500;
				LastUpgradeCheck = 1500;
				TargetAttributes = {
					F3742B932BC7941E00539C8C = {
						CreatedOnToolsVersion = 15.0;
					};
				};
			};
			buildConfigurationList = F3742B8F2BC7941E00539C8C /* Build configuration list for PBXProject "GitHubProfile" */;
			compatibilityVersion = "Xcode 14.0";
			developmentRegion = en;
			hasScannedForEncodings = 0;
			knownRegions = (
				en,
				Base,
			);
			mainGroup = F3742B8B2BC7941E00539C8C;
			packageReferences = (
				F3AB4EC92BE3458F00241516 /* XCRemoteSwiftPackageReference "SnapKit" */,
			);
			productRefGroup = F3742B952BC7941E00539C8C /* Products */;
			projectDirPath = "";
			projectRoot = "";
			targets = (
				F3742B932BC7941E00539C8C /* GitHubProfile */,
			);
		};
/* End PBXProject section */

/* Begin PBXResourcesBuildPhase section */
		F3742B922BC7941E00539C8C /* Resources */ = {
			isa = PBXResourcesBuildPhase;
			buildActionMask = 2147483647;
			files = (
				F3742BA42BC7941F00539C8C /* LaunchScreen.storyboard in Resources */,
				F3742BA12BC7941F00539C8C /* Assets.xcassets in Resources */,
				F3742B9F2BC7941E00539C8C /* Main.storyboard in Resources */,
				F3742BAE2BC7976700539C8C /* RepositoryTableViewCell.xib in Resources */,
			);
			runOnlyForDeploymentPostprocessing = 0;
		};
/* End PBXResourcesBuildPhase section */

/* Begin PBXShellScriptBuildPhase section */
		78737A2F1BCE49F38831EAD6 /* [CP] Check Pods Manifest.lock */ = {
			isa = PBXShellScriptBuildPhase;
			buildActionMask = 2147483647;
			files = (
			);
			inputFileListPaths = (
			);
			inputPaths = (
				"${PODS_PODFILE_DIR_PATH}/Podfile.lock",
				"${PODS_ROOT}/Manifest.lock",
			);
			name = "[CP] Check Pods Manifest.lock";
			outputFileListPaths = (
			);
			outputPaths = (
				"$(DERIVED_FILE_DIR)/Pods-GitHubProfile-checkManifestLockResult.txt",
			);
			runOnlyForDeploymentPostprocessing = 0;
			shellPath = /bin/sh;
			shellScript = "diff \"${PODS_PODFILE_DIR_PATH}/Podfile.lock\" \"${PODS_ROOT}/Manifest.lock\" > /dev/null\nif [ $? != 0 ] ; then\n    # print error to STDERR\n    echo \"error: The sandbox is not in sync with the Podfile.lock. Run 'pod install' or update your CocoaPods installation.\" >&2\n    exit 1\nfi\n# This output is used by Xcode 'outputs' to avoid re-running this script phase.\necho \"SUCCESS\" > \"${SCRIPT_OUTPUT_FILE_0}\"\n";
			showEnvVarsInLog = 0;
		};
		B64BD4D8E430B58D3B4B342A /* [CP] Embed Pods Frameworks */ = {
			isa = PBXShellScriptBuildPhase;
			buildActionMask = 2147483647;
			files = (
			);
			inputFileListPaths = (
				"${PODS_ROOT}/Target Support Files/Pods-GitHubProfile/Pods-GitHubProfile-frameworks-${CONFIGURATION}-input-files.xcfilelist",
			);
			name = "[CP] Embed Pods Frameworks";
			outputFileListPaths = (
				"${PODS_ROOT}/Target Support Files/Pods-GitHubProfile/Pods-GitHubProfile-frameworks-${CONFIGURATION}-output-files.xcfilelist",
			);
			runOnlyForDeploymentPostprocessing = 0;
			shellPath = /bin/sh;
			shellScript = "\"${PODS_ROOT}/Target Support Files/Pods-GitHubProfile/Pods-GitHubProfile-frameworks.sh\"\n";
			showEnvVarsInLog = 0;
		};
/* End PBXShellScriptBuildPhase section */

/* Begin PBXSourcesBuildPhase section */
		F3742B902BC7941E00539C8C /* Sources */ = {
			isa = PBXSourcesBuildPhase;
			buildActionMask = 2147483647;
			files = (
				F32877122BC7C7AE006EF703 /* ProfileAPIManager.swift in Sources */,
				F3742B9C2BC7941E00539C8C /* ViewController.swift in Sources */,
				F32877142BC7D5B3006EF703 /* RepositoryAPIManager.swift in Sources */,
				F3AB4ECF2BE3460C00241516 /* ProfileTableViewCell.swift in Sources */,
				F3742B982BC7941E00539C8C /* AppDelegate.swift in Sources */,
				F328770E2BC7C624006EF703 /* UserProfile.swift in Sources */,
				F3742BB12BC7B62F00539C8C /* Repository.swift in Sources */,
				F3742B9A2BC7941E00539C8C /* SceneDelegate.swift in Sources */,
				F3742BAD2BC7976700539C8C /* RepositoryTableViewCell.swift in Sources */,
			);
			runOnlyForDeploymentPostprocessing = 0;
		};
/* End PBXSourcesBuildPhase section */

/* Begin PBXVariantGroup section */
		F3742B9D2BC7941E00539C8C /* Main.storyboard */ = {
			isa = PBXVariantGroup;
			children = (
				F3742B9E2BC7941E00539C8C /* Base */,
			);
			name = Main.storyboard;
			sourceTree = "<group>";
		};
		F3742BA22BC7941F00539C8C /* LaunchScreen.storyboard */ = {
			isa = PBXVariantGroup;
			children = (
				F3742BA32BC7941F00539C8C /* Base */,
			);
			name = LaunchScreen.storyboard;
			sourceTree = "<group>";
		};
/* End PBXVariantGroup section */

/* Begin XCBuildConfiguration section */
		F3742BA62BC7941F00539C8C /* Debug */ = {
			isa = XCBuildConfiguration;
			buildSettings = {
				ALWAYS_SEARCH_USER_PATHS = NO;
				ASSETCATALOG_COMPILER_GENERATE_SWIFT_ASSET_SYMBOL_EXTENSIONS = YES;
				CLANG_ANALYZER_NONNULL = YES;
				CLANG_ANALYZER_NUMBER_OBJECT_CONVERSION = YES_AGGRESSIVE;
				CLANG_CXX_LANGUAGE_STANDARD = "gnu++20";
				CLANG_ENABLE_MODULES = YES;
				CLANG_ENABLE_OBJC_ARC = YES;
				CLANG_ENABLE_OBJC_WEAK = YES;
				CLANG_WARN_BLOCK_CAPTURE_AUTORELEASING = YES;
				CLANG_WARN_BOOL_CONVERSION = YES;
				CLANG_WARN_COMMA = YES;
				CLANG_WARN_CONSTANT_CONVERSION = YES;
				CLANG_WARN_DEPRECATED_OBJC_IMPLEMENTATIONS = YES;
				CLANG_WARN_DIRECT_OBJC_ISA_USAGE = YES_ERROR;
				CLANG_WARN_DOCUMENTATION_COMMENTS = YES;
				CLANG_WARN_EMPTY_BODY = YES;
				CLANG_WARN_ENUM_CONVERSION = YES;
				CLANG_WARN_INFINITE_RECURSION = YES;
				CLANG_WARN_INT_CONVERSION = YES;
				CLANG_WARN_NON_LITERAL_NULL_CONVERSION = YES;
				CLANG_WARN_OBJC_IMPLICIT_RETAIN_SELF = YES;
				CLANG_WARN_OBJC_LITERAL_CONVERSION = YES;
				CLANG_WARN_OBJC_ROOT_CLASS = YES_ERROR;
				CLANG_WARN_QUOTED_INCLUDE_IN_FRAMEWORK_HEADER = YES;
				CLANG_WARN_RANGE_LOOP_ANALYSIS = YES;
				CLANG_WARN_STRICT_PROTOTYPES = YES;
				CLANG_WARN_SUSPICIOUS_MOVE = YES;
				CLANG_WARN_UNGUARDED_AVAILABILITY = YES_AGGRESSIVE;
				CLANG_WARN_UNREACHABLE_CODE = YES;
				CLANG_WARN__DUPLICATE_METHOD_MATCH = YES;
				COPY_PHASE_STRIP = NO;
				DEBUG_INFORMATION_FORMAT = dwarf;
				ENABLE_STRICT_OBJC_MSGSEND = YES;
				ENABLE_TESTABILITY = YES;
				ENABLE_USER_SCRIPT_SANDBOXING = YES;
				GCC_C_LANGUAGE_STANDARD = gnu17;
				GCC_DYNAMIC_NO_PIC = NO;
				GCC_NO_COMMON_BLOCKS = YES;
				GCC_OPTIMIZATION_LEVEL = 0;
				GCC_PREPROCESSOR_DEFINITIONS = (
					"DEBUG=1",
					"$(inherited)",
				);
				GCC_WARN_64_TO_32_BIT_CONVERSION = YES;
				GCC_WARN_ABOUT_RETURN_TYPE = YES_ERROR;
				GCC_WARN_UNDECLARED_SELECTOR = YES;
				GCC_WARN_UNINITIALIZED_AUTOS = YES_AGGRESSIVE;
				GCC_WARN_UNUSED_FUNCTION = YES;
				GCC_WARN_UNUSED_VARIABLE = YES;
				IPHONEOS_DEPLOYMENT_TARGET = 16.0;
				LOCALIZATION_PREFERS_STRING_CATALOGS = YES;
				MTL_ENABLE_DEBUG_INFO = INCLUDE_SOURCE;
				MTL_FAST_MATH = YES;
				ONLY_ACTIVE_ARCH = YES;
				SDKROOT = iphoneos;
				SWIFT_ACTIVE_COMPILATION_CONDITIONS = "DEBUG $(inherited)";
				SWIFT_OPTIMIZATION_LEVEL = "-Onone";
			};
			name = Debug;
		};
		F3742BA72BC7941F00539C8C /* Release */ = {
			isa = XCBuildConfiguration;
			buildSettings = {
				ALWAYS_SEARCH_USER_PATHS = NO;
				ASSETCATALOG_COMPILER_GENERATE_SWIFT_ASSET_SYMBOL_EXTENSIONS = YES;
				CLANG_ANALYZER_NONNULL = YES;
				CLANG_ANALYZER_NUMBER_OBJECT_CONVERSION = YES_AGGRESSIVE;
				CLANG_CXX_LANGUAGE_STANDARD = "gnu++20";
				CLANG_ENABLE_MODULES = YES;
				CLANG_ENABLE_OBJC_ARC = YES;
				CLANG_ENABLE_OBJC_WEAK = YES;
				CLANG_WARN_BLOCK_CAPTURE_AUTORELEASING = YES;
				CLANG_WARN_BOOL_CONVERSION = YES;
				CLANG_WARN_COMMA = YES;
				CLANG_WARN_CONSTANT_CONVERSION = YES;
				CLANG_WARN_DEPRECATED_OBJC_IMPLEMENTATIONS = YES;
				CLANG_WARN_DIRECT_OBJC_ISA_USAGE = YES_ERROR;
				CLANG_WARN_DOCUMENTATION_COMMENTS = YES;
				CLANG_WARN_EMPTY_BODY = YES;
				CLANG_WARN_ENUM_CONVERSION = YES;
				CLANG_WARN_INFINITE_RECURSION = YES;
				CLANG_WARN_INT_CONVERSION = YES;
				CLANG_WARN_NON_LITERAL_NULL_CONVERSION = YES;
				CLANG_WARN_OBJC_IMPLICIT_RETAIN_SELF = YES;
				CLANG_WARN_OBJC_LITERAL_CONVERSION = YES;
				CLANG_WARN_OBJC_ROOT_CLASS = YES_ERROR;
				CLANG_WARN_QUOTED_INCLUDE_IN_FRAMEWORK_HEADER = YES;
				CLANG_WARN_RANGE_LOOP_ANALYSIS = YES;
				CLANG_WARN_STRICT_PROTOTYPES = YES;
				CLANG_WARN_SUSPICIOUS_MOVE = YES;
				CLANG_WARN_UNGUARDED_AVAILABILITY = YES_AGGRESSIVE;
				CLANG_WARN_UNREACHABLE_CODE = YES;
				CLANG_WARN__DUPLICATE_METHOD_MATCH = YES;
				COPY_PHASE_STRIP = NO;
				DEBUG_INFORMATION_FORMAT = "dwarf-with-dsym";
				ENABLE_NS_ASSERTIONS = NO;
				ENABLE_STRICT_OBJC_MSGSEND = YES;
				ENABLE_USER_SCRIPT_SANDBOXING = YES;
				GCC_C_LANGUAGE_STANDARD = gnu17;
				GCC_NO_COMMON_BLOCKS = YES;
				GCC_WARN_64_TO_32_BIT_CONVERSION = YES;
				GCC_WARN_ABOUT_RETURN_TYPE = YES_ERROR;
				GCC_WARN_UNDECLARED_SELECTOR = YES;
				GCC_WARN_UNINITIALIZED_AUTOS = YES_AGGRESSIVE;
				GCC_WARN_UNUSED_FUNCTION = YES;
				GCC_WARN_UNUSED_VARIABLE = YES;
				IPHONEOS_DEPLOYMENT_TARGET = 16.0;
				LOCALIZATION_PREFERS_STRING_CATALOGS = YES;
				MTL_ENABLE_DEBUG_INFO = NO;
				MTL_FAST_MATH = YES;
				SDKROOT = iphoneos;
				SWIFT_COMPILATION_MODE = wholemodule;
				VALIDATE_PRODUCT = YES;
			};
			name = Release;
		};
		F3742BA92BC7941F00539C8C /* Debug */ = {
			isa = XCBuildConfiguration;
			baseConfigurationReference = C58CC2B056E283173CFC0782 /* Pods-GitHubProfile.debug.xcconfig */;
			buildSettings = {
				ASSETCATALOG_COMPILER_APPICON_NAME = AppIcon;
				ASSETCATALOG_COMPILER_GLOBAL_ACCENT_COLOR_NAME = AccentColor;
				CODE_SIGN_STYLE = Automatic;
				CURRENT_PROJECT_VERSION = 1;
				ENABLE_USER_SCRIPT_SANDBOXING = NO;
				GENERATE_INFOPLIST_FILE = YES;
				INFOPLIST_FILE = GitHubProfile/Info.plist;
				INFOPLIST_KEY_UIApplicationSupportsIndirectInputEvents = YES;
				INFOPLIST_KEY_UILaunchStoryboardName = LaunchScreen;
				INFOPLIST_KEY_UIMainStoryboardFile = Main;
				INFOPLIST_KEY_UISupportedInterfaceOrientations_iPad = "UIInterfaceOrientationPortrait UIInterfaceOrientationPortraitUpsideDown UIInterfaceOrientationLandscapeLeft UIInterfaceOrientationLandscapeRight";
				INFOPLIST_KEY_UISupportedInterfaceOrientations_iPhone = "UIInterfaceOrientationPortrait UIInterfaceOrientationLandscapeLeft UIInterfaceOrientationLandscapeRight";
				IPHONEOS_DEPLOYMENT_TARGET = 16.0;
				LD_RUNPATH_SEARCH_PATHS = (
					"$(inherited)",
					"@executable_path/Frameworks",
				);
				MARKETING_VERSION = 1.0;
				PRODUCT_BUNDLE_IDENTIFIER = com.test.GitHubProfile;
				PRODUCT_NAME = "$(TARGET_NAME)";
				SWIFT_EMIT_LOC_STRINGS = YES;
				SWIFT_VERSION = 5.0;
				TARGETED_DEVICE_FAMILY = "1,2";
			};
			name = Debug;
		};
		F3742BAA2BC7941F00539C8C /* Release */ = {
			isa = XCBuildConfiguration;
			baseConfigurationReference = EBD80ACCD95D2B0EF2A26342 /* Pods-GitHubProfile.release.xcconfig */;
			buildSettings = {
				ASSETCATALOG_COMPILER_APPICON_NAME = AppIcon;
				ASSETCATALOG_COMPILER_GLOBAL_ACCENT_COLOR_NAME = AccentColor;
				CODE_SIGN_STYLE = Automatic;
				CURRENT_PROJECT_VERSION = 1;
				ENABLE_USER_SCRIPT_SANDBOXING = NO;
				GENERATE_INFOPLIST_FILE = YES;
				INFOPLIST_FILE = GitHubProfile/Info.plist;
				INFOPLIST_KEY_UIApplicationSupportsIndirectInputEvents = YES;
				INFOPLIST_KEY_UILaunchStoryboardName = LaunchScreen;
				INFOPLIST_KEY_UIMainStoryboardFile = Main;
				INFOPLIST_KEY_UISupportedInterfaceOrientations_iPad = "UIInterfaceOrientationPortrait UIInterfaceOrientationPortraitUpsideDown UIInterfaceOrientationLandscapeLeft UIInterfaceOrientationLandscapeRight";
				INFOPLIST_KEY_UISupportedInterfaceOrientations_iPhone = "UIInterfaceOrientationPortrait UIInterfaceOrientationLandscapeLeft UIInterfaceOrientationLandscapeRight";
				IPHONEOS_DEPLOYMENT_TARGET = 16.0;
				LD_RUNPATH_SEARCH_PATHS = (
					"$(inherited)",
					"@executable_path/Frameworks",
				);
				MARKETING_VERSION = 1.0;
				PRODUCT_BUNDLE_IDENTIFIER = com.test.GitHubProfile;
				PRODUCT_NAME = "$(TARGET_NAME)";
				SWIFT_EMIT_LOC_STRINGS = YES;
				SWIFT_VERSION = 5.0;
				TARGETED_DEVICE_FAMILY = "1,2";
			};
			name = Release;
		};
/* End XCBuildConfiguration section */

/* Begin XCConfigurationList section */
		F3742B8F2BC7941E00539C8C /* Build configuration list for PBXProject "GitHubProfile" */ = {
			isa = XCConfigurationList;
			buildConfigurations = (
				F3742BA62BC7941F00539C8C /* Debug */,
				F3742BA72BC7941F00539C8C /* Release */,
			);
			defaultConfigurationIsVisible = 0;
			defaultConfigurationName = Release;
		};
		F3742BA82BC7941F00539C8C /* Build configuration list for PBXNativeTarget "GitHubProfile" */ = {
			isa = XCConfigurationList;
			buildConfigurations = (
				F3742BA92BC7941F00539C8C /* Debug */,
				F3742BAA2BC7941F00539C8C /* Release */,
			);
			defaultConfigurationIsVisible = 0;
			defaultConfigurationName = Release;
		};
/* End XCConfigurationList section */

/* Begin XCRemoteSwiftPackageReference section */
		F3AB4EC92BE3458F00241516 /* XCRemoteSwiftPackageReference "SnapKit" */ = {
			isa = XCRemoteSwiftPackageReference;
			repositoryURL = "https://github.com/SnapKit/SnapKit";
			requirement = {
				kind = upToNextMajorVersion;
				minimumVersion = 5.7.1;
			};
		};
/* End XCRemoteSwiftPackageReference section */

/* Begin XCSwiftPackageProductDependency section */
		F3AB4ECA2BE3458F00241516 /* SnapKit */ = {
			isa = XCSwiftPackageProductDependency;
			package = F3AB4EC92BE3458F00241516 /* XCRemoteSwiftPackageReference "SnapKit" */;
			productName = SnapKit;
		};
		F3AB4ECC2BE3458F00241516 /* SnapKit-Dynamic */ = {
			isa = XCSwiftPackageProductDependency;
			package = F3AB4EC92BE3458F00241516 /* XCRemoteSwiftPackageReference "SnapKit" */;
			productName = "SnapKit-Dynamic";
		};
/* End XCSwiftPackageProductDependency section */
	};
	rootObject = F3742B8C2BC7941E00539C8C /* Project object */;
}
